
Microsoft Visual Studio Solution File, Format Version 12.00
# Visual Studio Version 17
VisualStudioVersion = 17.8.34525.116
MinimumVisualStudioVersion = 10.0.40219.1
Project("{FAE04EC0-301F-11D3-BF4B-00C04F79EFBC}") = "Kodlamaio.Index", "Kodlamaio.Index\Kodlamaio.Index.csproj", "{4E4766A7-6088-4987-946B-CBA63AABF297}"
EndProject
Project("{FAE04EC0-301F-11D3-BF4B-00C04F79EFBC}") = "Entities", "Entities\Entities.csproj", "{3382146D-B263-4BC5-AC20-377B27255B0A}"
EndProject
Project("{FAE04EC0-301F-11D3-BF4B-00C04F79EFBC}") = "Business", "Business\Business.csproj", "{7643A4C9-D63B-4DCD-A845-69FFFD54694E}"
EndProject
Project("{FAE04EC0-301F-11D3-BF4B-00C04F79EFBC}") = "DataAccess", "DataAccess\DataAccess.csproj", "{BC1FC84A-2300-4F19-9B18-BC51619E1ED6}"
EndProject
Global
	GlobalSection(SolutionConfigurationPlatforms) = preSolution
		Debug|Any CPU = Debug|Any CPU
		Release|Any CPU = Release|Any CPU
	EndGlobalSection
	GlobalSection(ProjectConfigurationPlatforms) = postSolution
		{4E4766A7-6088-4987-946B-CBA63AABF297}.Debug|Any CPU.ActiveCfg = Debug|Any CPU
		{4E4766A7-6088-4987-946B-CBA63AABF297}.Debug|Any CPU.Build.0 = Debug|Any CPU
		{4E4766A7-6088-4987-946B-CBA63AABF297}.Release|Any CPU.ActiveCfg = Release|Any CPU
		{4E4766A7-6088-4987-946B-CBA63AABF297}.Release|Any CPU.Build.0 = Release|Any CPU
		{3382146D-B263-4BC5-AC20-377B27255B0A}.Debug|Any CPU.ActiveCfg = Debug|Any CPU
		{3382146D-B263-4BC5-AC20-377B27255B0A}.Debug|Any CPU.Build.0 = Debug|Any CPU
		{3382146D-B263-4BC5-AC20-377B27255B0A}.Release|Any CPU.ActiveCfg = Release|Any CPU
		{3382146D-B263-4BC5-AC20-377B27255B0A}.Release|Any CPU.Build.0 = Release|Any CPU
		{7643A4C9-D63B-4DCD-A845-69FFFD54694E}.Debug|Any CPU.ActiveCfg = Debug|Any CPU
		{7643A4C9-D63B-4DCD-A845-69FFFD54694E}.Debug|Any CPU.Build.0 = Debug|Any CPU
		{7643A4C9-D63B-4DCD-A845-69FFFD54694E}.Release|Any CPU.ActiveCfg = Release|Any CPU
		{7643A4C9-D63B-4DCD-A845-69FFFD54694E}.Release|Any CPU.Build.0 = Release|Any CPU
		{BC1FC84A-2300-4F19-9B18-BC51619E1ED6}.Debug|Any CPU.ActiveCfg = Debug|Any CPU
		{BC1FC84A-2300-4F19-9B18-BC51619E1ED6}.Debug|Any CPU.Build.0 = Debug|Any CPU
		{BC1FC84A-2300-4F19-9B18-BC51619E1ED6}.Release|Any CPU.ActiveCfg = Release|Any CPU
		{BC1FC84A-2300-4F19-9B18-BC51619E1ED6}.Release|Any CPU.Build.0 = Release|Any CPU
	EndGlobalSection
	GlobalSection(SolutionProperties) = preSolution
		HideSolutionNode = FALSE
	EndGlobalSection
	GlobalSection(ExtensibilityGlobals) = postSolution
		SolutionGuid = {929CA79F-D1B0-4A6F-8C11-9F21902CF7CF}
	EndGlobalSection
EndGlobal
